
Microsoft Visual Studio Solution File, Format Version 12.00
# Visual Studio Version 17
VisualStudioVersion = 17.6.33723.286
MinimumVisualStudioVersion = 10.0.40219.1
Project("{9A19103F-16F7-4668-BE54-9A1E7A4F7556}") = "HouseRentingSystem", "HouseRentingSystem\HouseRentingSystem.csproj", "{C077C93F-4380-4284-A724-6D7DCB1F867A}"
EndProject
Project("{FAE04EC0-301F-11D3-BF4B-00C04F79EFBC}") = "HouseRentingSystem.Data", "HouseRentingSystem.Data\HouseRentingSystem.Data.csproj", "{798004B8-C02C-450B-AE07-55319B220295}"
EndProject
Project("{FAE04EC0-301F-11D3-BF4B-00C04F79EFBC}") = "HouseRentingSystem.Services", "HouseRentingSystem.Services\HouseRentingSystem.Services.csproj", "{5721752A-87F4-4C27-A8CF-B62B7E38B09F}"
EndProject
Global
	GlobalSection(SolutionConfigurationPlatforms) = preSolution
		Debug|Any CPU = Debug|Any CPU
		Release|Any CPU = Release|Any CPU
	EndGlobalSection
	GlobalSection(ProjectConfigurationPlatforms) = postSolution
		{C077C93F-4380-4284-A724-6D7DCB1F867A}.Debug|Any CPU.ActiveCfg = Debug|Any CPU
		{C077C93F-4380-4284-A724-6D7DCB1F867A}.Debug|Any CPU.Build.0 = Debug|Any CPU
		{C077C93F-4380-4284-A724-6D7DCB1F867A}.Release|Any CPU.ActiveCfg = Release|Any CPU
		{C077C93F-4380-4284-A724-6D7DCB1F867A}.Release|Any CPU.Build.0 = Release|Any CPU
		{798004B8-C02C-450B-AE07-55319B220295}.Debug|Any CPU.ActiveCfg = Debug|Any CPU
		{798004B8-C02C-450B-AE07-55319B220295}.Debug|Any CPU.Build.0 = Debug|Any CPU
		{798004B8-C02C-450B-AE07-55319B220295}.Release|Any CPU.ActiveCfg = Release|Any CPU
		{798004B8-C02C-450B-AE07-55319B220295}.Release|Any CPU.Build.0 = Release|Any CPU
		{5721752A-87F4-4C27-A8CF-B62B7E38B09F}.Debug|Any CPU.ActiveCfg = Debug|Any CPU
		{5721752A-87F4-4C27-A8CF-B62B7E38B09F}.Debug|Any CPU.Build.0 = Debug|Any CPU
		{5721752A-87F4-4C27-A8CF-B62B7E38B09F}.Release|Any CPU.ActiveCfg = Release|Any CPU
		{5721752A-87F4-4C27-A8CF-B62B7E38B09F}.Release|Any CPU.Build.0 = Release|Any CPU
	EndGlobalSection
	GlobalSection(SolutionProperties) = preSolution
		HideSolutionNode = FALSE
	EndGlobalSection
	GlobalSection(ExtensibilityGlobals) = postSolution
		SolutionGuid = {12D16B1B-5343-400F-9B9D-7DA4B84CF110}
	EndGlobalSection
EndGlobal
